
Microsoft Visual Studio Solution File, Format Version 12.00
# Visual Studio Version 16
VisualStudioVersion = 16.0.31129.286
MinimumVisualStudioVersion = 10.0.40219.1
Project("{FAE04EC0-301F-11D3-BF4B-00C04F79EFBC}") = "DocAnalyzerAPI", "DocAnalyzerAPI.csproj", "{AB0AD102-C992-4E7A-822D-33FBFAA1A9E5}"
EndProject
Global
	GlobalSection(SolutionConfigurationPlatforms) = preSolution
		Debug|Any CPU = Debug|Any CPU
		Release|Any CPU = Release|Any CPU
	EndGlobalSection
	GlobalSection(ProjectConfigurationPlatforms) = postSolution
		{AB0AD102-C992-4E7A-822D-33FBFAA1A9E5}.Debug|Any CPU.ActiveCfg = Debug|Any CPU
		{AB0AD102-C992-4E7A-822D-33FBFAA1A9E5}.Debug|Any CPU.Build.0 = Debug|Any CPU
		{AB0AD102-C992-4E7A-822D-33FBFAA1A9E5}.Release|Any CPU.ActiveCfg = Release|Any CPU
		{AB0AD102-C992-4E7A-822D-33FBFAA1A9E5}.Release|Any CPU.Build.0 = Release|Any CPU
	EndGlobalSection
	GlobalSection(SolutionProperties) = preSolution
		HideSolutionNode = FALSE
	EndGlobalSection
	GlobalSection(ExtensibilityGlobals) = postSolution
		SolutionGuid = {E54FE417-FB67-4124-A8DB-D55F98022F69}
	EndGlobalSection
EndGlobal
